// !$*UTF8*$!
{
	archiveVersion = 1;
	classes = {
	};
	objectVersion = 51;
	objects = {

/* Begin PBXBuildFile section */
		ABE36B03229A1A2A0005F7F3 /* ColorPickerTableViewController.swift in Sources */ = {isa = PBXBuildFile; fileRef = ABE36B02229A1A2A0005F7F3 /* ColorPickerTableViewController.swift */; };
		ABF7DA4C2296CE2800DFC975 /* AppDelegate.swift in Sources */ = {isa = PBXBuildFile; fileRef = ABF7DA4B2296CE2800DFC975 /* AppDelegate.swift */; };
		ABF7DA4E2296CE2800DFC975 /* ViewController.swift in Sources */ = {isa = PBXBuildFile; fileRef = ABF7DA4D2296CE2800DFC975 /* ViewController.swift */; };
		ABF7DA512296CE2800DFC975 /* Main.storyboard in Resources */ = {isa = PBXBuildFile; fileRef = ABF7DA4F2296CE2800DFC975 /* Main.storyboard */; };
		ABF7DA532296CE2A00DFC975 /* Assets.xcassets in Resources */ = {isa = PBXBuildFile; fileRef = ABF7DA522296CE2A00DFC975 /* Assets.xcassets */; };
		ABF7DA562296CE2A00DFC975 /* LaunchScreen.storyboard in Resources */ = {isa = PBXBuildFile; fileRef = ABF7DA542296CE2A00DFC975 /* LaunchScreen.storyboard */; };
		ABF7DA642296CFEB00DFC975 /* AnalogClockView.swift in Sources */ = {isa = PBXBuildFile; fileRef = ABF7DA632296CFEB00DFC975 /* AnalogClockView.swift */; };
		ABF7DA6622970BA800DFC975 /* DigitView.swift in Sources */ = {isa = PBXBuildFile; fileRef = ABF7DA6522970BA800DFC975 /* DigitView.swift */; };
		BDB1A581926E48906DBA006D /* Pods_ClockClock.framework in Frameworks */ = {isa = PBXBuildFile; fileRef = 79125E224186C36ACDD97AE5 /* Pods_ClockClock.framework */; };
/* End PBXBuildFile section */

/* Begin PBXFileReference section */
		34AB76834D5ED7F30A30A38E /* Pods-ClockClock.release.xcconfig */ = {isa = PBXFileReference; includeInIndex = 1; lastKnownFileType = text.xcconfig; name = "Pods-ClockClock.release.xcconfig"; path = "Target Support Files/Pods-ClockClock/Pods-ClockClock.release.xcconfig"; sourceTree = "<group>"; };
		79125E224186C36ACDD97AE5 /* Pods_ClockClock.framework */ = {isa = PBXFileReference; explicitFileType = wrapper.framework; includeInIndex = 0; path = Pods_ClockClock.framework; sourceTree = BUILT_PRODUCTS_DIR; };
		9D3360D58D81A5D170D37D42 /* Pods-ClockClock.debug.xcconfig */ = {isa = PBXFileReference; includeInIndex = 1; lastKnownFileType = text.xcconfig; name = "Pods-ClockClock.debug.xcconfig"; path = "Target Support Files/Pods-ClockClock/Pods-ClockClock.debug.xcconfig"; sourceTree = "<group>"; };
		ABE36B02229A1A2A0005F7F3 /* ColorPickerTableViewController.swift */ = {isa = PBXFileReference; lastKnownFileType = sourcecode.swift; path = ColorPickerTableViewController.swift; sourceTree = "<group>"; };
		ABF7DA482296CE2800DFC975 /* ClockClock.app */ = {isa = PBXFileReference; explicitFileType = wrapper.application; includeInIndex = 0; path = ClockClock.app; sourceTree = BUILT_PRODUCTS_DIR; };
		ABF7DA4B2296CE2800DFC975 /* AppDelegate.swift */ = {isa = PBXFileReference; lastKnownFileType = sourcecode.swift; path = AppDelegate.swift; sourceTree = "<group>"; };
		ABF7DA4D2296CE2800DFC975 /* ViewController.swift */ = {isa = PBXFileReference; lastKnownFileType = sourcecode.swift; path = ViewController.swift; sourceTree = "<group>"; };
		ABF7DA502296CE2800DFC975 /* Base */ = {isa = PBXFileReference; lastKnownFileType = file.storyboard; name = Base; path = Base.lproj/Main.storyboard; sourceTree = "<group>"; };
		ABF7DA522296CE2A00DFC975 /* Assets.xcassets */ = {isa = PBXFileReference; lastKnownFileType = folder.assetcatalog; path = Assets.xcassets; sourceTree = "<group>"; };
		ABF7DA552296CE2A00DFC975 /* Base */ = {isa = PBXFileReference; lastKnownFileType = file.storyboard; name = Base; path = Base.lproj/LaunchScreen.storyboard; sourceTree = "<group>"; };
		ABF7DA572296CE2A00DFC975 /* Info.plist */ = {isa = PBXFileReference; lastKnownFileType = text.plist.xml; path = Info.plist; sourceTree = "<group>"; };
		ABF7DA632296CFEB00DFC975 /* AnalogClockView.swift */ = {isa = PBXFileReference; lastKnownFileType = sourcecode.swift; path = AnalogClockView.swift; sourceTree = "<group>"; };
		ABF7DA6522970BA800DFC975 /* DigitView.swift */ = {isa = PBXFileReference; lastKnownFileType = sourcecode.swift; path = DigitView.swift; sourceTree = "<group>"; };
/* End PBXFileReference section */

/* Begin PBXFrameworksBuildPhase section */
		ABF7DA452296CE2800DFC975 /* Frameworks */ = {
			isa = PBXFrameworksBuildPhase;
			buildActionMask = 2147483647;
			files = (
				BDB1A581926E48906DBA006D /* Pods_ClockClock.framework in Frameworks */,
			);
			runOnlyForDeploymentPostprocessing = 0;
		};
/* End PBXFrameworksBuildPhase section */

/* Begin PBXGroup section */
		3566D7456FB3F2CD60CAFB5F /* Frameworks */ = {
			isa = PBXGroup;
			children = (
				79125E224186C36ACDD97AE5 /* Pods_ClockClock.framework */,
			);
			name = Frameworks;
			sourceTree = "<group>";
		};
		93810D80438FC36BD765A362 /* Pods */ = {
			isa = PBXGroup;
			children = (
				9D3360D58D81A5D170D37D42 /* Pods-ClockClock.debug.xcconfig */,
				34AB76834D5ED7F30A30A38E /* Pods-ClockClock.release.xcconfig */,
			);
			path = Pods;
			sourceTree = "<group>";
		};
		ABF7DA3F2296CE2800DFC975 = {
			isa = PBXGroup;
			children = (
				ABF7DA4A2296CE2800DFC975 /* ClockClock */,
				ABF7DA492296CE2800DFC975 /* Products */,
				93810D80438FC36BD765A362 /* Pods */,
				3566D7456FB3F2CD60CAFB5F /* Frameworks */,
			);
			sourceTree = "<group>";
		};
		ABF7DA492296CE2800DFC975 /* Products */ = {
			isa = PBXGroup;
			children = (
				ABF7DA482296CE2800DFC975 /* ClockClock.app */,
			);
			name = Products;
			sourceTree = "<group>";
		};
		ABF7DA4A2296CE2800DFC975 /* ClockClock */ = {
			isa = PBXGroup;
			children = (
				ABF7DA4B2296CE2800DFC975 /* AppDelegate.swift */,
				ABF7DA4F2296CE2800DFC975 /* Main.storyboard */,
				ABF7DA522296CE2A00DFC975 /* Assets.xcassets */,
				ABF7DA542296CE2A00DFC975 /* LaunchScreen.storyboard */,
				ABF7DA572296CE2A00DFC975 /* Info.plist */,
				ABF7DA4D2296CE2800DFC975 /* ViewController.swift */,
				ABF7DA6522970BA800DFC975 /* DigitView.swift */,
				ABF7DA632296CFEB00DFC975 /* AnalogClockView.swift */,
				ABE36B02229A1A2A0005F7F3 /* ColorPickerTableViewController.swift */,
			);
			path = ClockClock;
			sourceTree = "<group>";
		};
/* End PBXGroup section */

/* Begin PBXNativeTarget section */
		ABF7DA472296CE2800DFC975 /* ClockClock */ = {
			isa = PBXNativeTarget;
			buildConfigurationList = ABF7DA5A2296CE2A00DFC975 /* Build configuration list for PBXNativeTarget "ClockClock" */;
			buildPhases = (
				007A027B7A52697CEAD2BA84 /* [CP] Check Pods Manifest.lock */,
				ABF7DA442296CE2800DFC975 /* Sources */,
				ABF7DA452296CE2800DFC975 /* Frameworks */,
				ABF7DA462296CE2800DFC975 /* Resources */,
				710646FC6A514EE99B02233E /* [CP] Embed Pods Frameworks */,
			);
			buildRules = (
			);
			dependencies = (
			);
			name = ClockClock;
			productName = ClockClock;
			productReference = ABF7DA482296CE2800DFC975 /* ClockClock.app */;
			productType = "com.apple.product-type.application";
		};
/* End PBXNativeTarget section */

/* Begin PBXProject section */
		ABF7DA402296CE2800DFC975 /* Project object */ = {
			isa = PBXProject;
			attributes = {
				LastSwiftUpdateCheck = 1020;
				LastUpgradeCheck = 1020;
				ORGANIZATIONNAME = "SquarePi Software";
				TargetAttributes = {
					ABF7DA472296CE2800DFC975 = {
						CreatedOnToolsVersion = 10.2.1;
					};
				};
			};
			buildConfigurationList = ABF7DA432296CE2800DFC975 /* Build configuration list for PBXProject "ClockClock" */;
			compatibilityVersion = "Xcode 9.3";
			developmentRegion = en;
			hasScannedForEncodings = 0;
			knownRegions = (
				en,
				Base,
			);
			mainGroup = ABF7DA3F2296CE2800DFC975;
			productRefGroup = ABF7DA492296CE2800DFC975 /* Products */;
			projectDirPath = "";
			projectRoot = "";
			targets = (
				ABF7DA472296CE2800DFC975 /* ClockClock */,
			);
		};
/* End PBXProject section */

/* Begin PBXResourcesBuildPhase section */
		ABF7DA462296CE2800DFC975 /* Resources */ = {
			isa = PBXResourcesBuildPhase;
			buildActionMask = 2147483647;
			files = (
				ABF7DA562296CE2A00DFC975 /* LaunchScreen.storyboard in Resources */,
				ABF7DA532296CE2A00DFC975 /* Assets.xcassets in Resources */,
				ABF7DA512296CE2800DFC975 /* Main.storyboard in Resources */,
			);
			runOnlyForDeploymentPostprocessing = 0;
		};
/* End PBXResourcesBuildPhase section */

/* Begin PBXShellScriptBuildPhase section */
		007A027B7A52697CEAD2BA84 /* [CP] Check Pods Manifest.lock */ = {
			isa = PBXShellScriptBuildPhase;
			buildActionMask = 2147483647;
			files = (
			);
			inputFileListPaths = (
			);
			inputPaths = (
				"${PODS_PODFILE_DIR_PATH}/Podfile.lock",
				"${PODS_ROOT}/Manifest.lock",
			);
			name = "[CP] Check Pods Manifest.lock";
			outputFileListPaths = (
			);
			outputPaths = (
				"$(DERIVED_FILE_DIR)/Pods-ClockClock-checkManifestLockResult.txt",
			);
			runOnlyForDeploymentPostprocessing = 0;
			shellPath = /bin/sh;
			shellScript = "diff \"${PODS_PODFILE_DIR_PATH}/Podfile.lock\" \"${PODS_ROOT}/Manifest.lock\" > /dev/null\nif [ $? != 0 ] ; then\n    # print error to STDERR\n    echo \"error: The sandbox is not in sync with the Podfile.lock. Run 'pod install' or update your CocoaPods installation.\" >&2\n    exit 1\nfi\n# This output is used by Xcode 'outputs' to avoid re-running this script phase.\necho \"SUCCESS\" > \"${SCRIPT_OUTPUT_FILE_0}\"\n";
			showEnvVarsInLog = 0;
		};
		710646FC6A514EE99B02233E /* [CP] Embed Pods Frameworks */ = {
			isa = PBXShellScriptBuildPhase;
			buildActionMask = 2147483647;
			files = (
			);
			inputFileListPaths = (
				"${PODS_ROOT}/Target Support Files/Pods-ClockClock/Pods-ClockClock-frameworks-${CONFIGURATION}-input-files.xcfilelist",
			);
			name = "[CP] Embed Pods Frameworks";
			outputFileListPaths = (
				"${PODS_ROOT}/Target Support Files/Pods-ClockClock/Pods-ClockClock-frameworks-${CONFIGURATION}-output-files.xcfilelist",
			);
			runOnlyForDeploymentPostprocessing = 0;
			shellPath = /bin/sh;
			shellScript = "\"${PODS_ROOT}/Target Support Files/Pods-ClockClock/Pods-ClockClock-frameworks.sh\"\n";
			showEnvVarsInLog = 0;
		};
/* End PBXShellScriptBuildPhase section */

/* Begin PBXSourcesBuildPhase section */
		ABF7DA442296CE2800DFC975 /* Sources */ = {
			isa = PBXSourcesBuildPhase;
			buildActionMask = 2147483647;
			files = (
				ABF7DA642296CFEB00DFC975 /* AnalogClockView.swift in Sources */,
				ABE36B03229A1A2A0005F7F3 /* ColorPickerTableViewController.swift in Sources */,
				ABF7DA4E2296CE2800DFC975 /* ViewController.swift in Sources */,
				ABF7DA6622970BA800DFC975 /* DigitView.swift in Sources */,
				ABF7DA4C2296CE2800DFC975 /* AppDelegate.swift in Sources */,
			);
			runOnlyForDeploymentPostprocessing = 0;
		};
/* End PBXSourcesBuildPhase section */

/* Begin PBXVariantGroup section */
		ABF7DA4F2296CE2800DFC975 /* Main.storyboard */ = {
			isa = PBXVariantGroup;
			children = (
				ABF7DA502296CE2800DFC975 /* Base */,
			);
			name = Main.storyboard;
			sourceTree = "<group>";
		};
		ABF7DA542296CE2A00DFC975 /* LaunchScreen.storyboard */ = {
			isa = PBXVariantGroup;
			children = (
				ABF7DA552296CE2A00DFC975 /* Base */,
			);
			name = LaunchScreen.storyboard;
			sourceTree = "<group>";
		};
/* End PBXVariantGroup section */

/* Begin XCBuildConfiguration section */
		ABF7DA582296CE2A00DFC975 /* Debug */ = {
			isa = XCBuildConfiguration;
			buildSettings = {
				ALWAYS_SEARCH_USER_PATHS = NO;
				CLANG_ANALYZER_NONNULL = YES;
				CLANG_ANALYZER_NUMBER_OBJECT_CONVERSION = YES_AGGRESSIVE;
				CLANG_CXX_LANGUAGE_STANDARD = "gnu++14";
				CLANG_CXX_LIBRARY = "libc++";
				CLANG_ENABLE_MODULES = YES;
				CLANG_ENABLE_OBJC_ARC = YES;
				CLANG_ENABLE_OBJC_WEAK = YES;
				CLANG_WARN_BLOCK_CAPTURE_AUTORELEASING = YES;
				CLANG_WARN_BOOL_CONVERSION = YES;
				CLANG_WARN_COMMA = YES;
				CLANG_WARN_CONSTANT_CONVERSION = YES;
				CLANG_WARN_DEPRECATED_OBJC_IMPLEMENTATIONS = YES;
				CLANG_WARN_DIRECT_OBJC_ISA_USAGE = YES_ERROR;
				CLANG_WARN_DOCUMENTATION_COMMENTS = YES;
				CLANG_WARN_EMPTY_BODY = YES;
				CLANG_WARN_ENUM_CONVERSION = YES;
				CLANG_WARN_INFINITE_RECURSION = YES;
				CLANG_WARN_INT_CONVERSION = YES;
				CLANG_WARN_NON_LITERAL_NULL_CONVERSION = YES;
				CLANG_WARN_OBJC_IMPLICIT_RETAIN_SELF = YES;
				CLANG_WARN_OBJC_LITERAL_CONVERSION = YES;
				CLANG_WARN_OBJC_ROOT_CLASS = YES_ERROR;
				CLANG_WARN_RANGE_LOOP_ANALYSIS = YES;
				CLANG_WARN_STRICT_PROTOTYPES = YES;
				CLANG_WARN_SUSPICIOUS_MOVE = YES;
				CLANG_WARN_UNGUARDED_AVAILABILITY = YES_AGGRESSIVE;
				CLANG_WARN_UNREACHABLE_CODE = YES;
				CLANG_WARN__DUPLICATE_METHOD_MATCH = YES;
				CODE_SIGN_IDENTITY = "iPhone Developer";
				COPY_PHASE_STRIP = NO;
				DEBUG_INFORMATION_FORMAT = dwarf;
				ENABLE_STRICT_OBJC_MSGSEND = YES;
				ENABLE_TESTABILITY = YES;
				GCC_C_LANGUAGE_STANDARD = gnu11;
				GCC_DYNAMIC_NO_PIC = NO;
				GCC_NO_COMMON_BLOCKS = YES;
				GCC_OPTIMIZATION_LEVEL = 0;
				GCC_PREPROCESSOR_DEFINITIONS = (
					"DEBUG=1",
					"$(inherited)",
				);
				GCC_WARN_64_TO_32_BIT_CONVERSION = YES;
				GCC_WARN_ABOUT_RETURN_TYPE = YES_ERROR;
				GCC_WARN_UNDECLARED_SELECTOR = YES;
				GCC_WARN_UNINITIALIZED_AUTOS = YES_AGGRESSIVE;
				GCC_WARN_UNUSED_FUNCTION = YES;
				GCC_WARN_UNUSED_VARIABLE = YES;
				IPHONEOS_DEPLOYMENT_TARGET = 12.2;
				MTL_ENABLE_DEBUG_INFO = INCLUDE_SOURCE;
				MTL_FAST_MATH = YES;
				ONLY_ACTIVE_ARCH = YES;
				SDKROOT = iphoneos;
				SWIFT_ACTIVE_COMPILATION_CONDITIONS = DEBUG;
				SWIFT_OPTIMIZATION_LEVEL = "-Onone";
			};
			name = Debug;
		};
		ABF7DA592296CE2A00DFC975 /* Release */ = {
			isa = XCBuildConfiguration;
			buildSettings = {
				ALWAYS_SEARCH_USER_PATHS = NO;
				CLANG_ANALYZER_NONNULL = YES;
				CLANG_ANALYZER_NUMBER_OBJECT_CONVERSION = YES_AGGRESSIVE;
				CLANG_CXX_LANGUAGE_STANDARD = "gnu++14";
				CLANG_CXX_LIBRARY = "libc++";
				CLANG_ENABLE_MODULES = YES;
				CLANG_ENABLE_OBJC_ARC = YES;
				CLANG_ENABLE_OBJC_WEAK = YES;
				CLANG_WARN_BLOCK_CAPTURE_AUTORELEASING = YES;
				CLANG_WARN_BOOL_CONVERSION = YES;
				CLANG_WARN_COMMA = YES;
				CLANG_WARN_CONSTANT_CONVERSION = YES;
				CLANG_WARN_DEPRECATED_OBJC_IMPLEMENTATIONS = YES;
				CLANG_WARN_DIRECT_OBJC_ISA_USAGE = YES_ERROR;
				CLANG_WARN_DOCUMENTATION_COMMENTS = YES;
				CLANG_WARN_EMPTY_BODY = YES;
				CLANG_WARN_ENUM_CONVERSION = YES;
				CLANG_WARN_INFINITE_RECURSION = YES;
				CLANG_WARN_INT_CONVERSION = YES;
				CLANG_WARN_NON_LITERAL_NULL_CONVERSION = YES;
				CLANG_WARN_OBJC_IMPLICIT_RETAIN_SELF = YES;
				CLANG_WARN_OBJC_LITERAL_CONVERSION = YES;
				CLANG_WARN_OBJC_ROOT_CLASS = YES_ERROR;
				CLANG_WARN_RANGE_LOOP_ANALYSIS = YES;
				CLANG_WARN_STRICT_PROTOTYPES = YES;
				CLANG_WARN_SUSPICIOUS_MOVE = YES;
				CLANG_WARN_UNGUARDED_AVAILABILITY = YES_AGGRESSIVE;
				CLANG_WARN_UNREACHABLE_CODE = YES;
				CLANG_WARN__DUPLICATE_METHOD_MATCH = YES;
				CODE_SIGN_IDENTITY = "iPhone Developer";
				COPY_PHASE_STRIP = NO;
				DEBUG_INFORMATION_FORMAT = "dwarf-with-dsym";
				ENABLE_NS_ASSERTIONS = NO;
				ENABLE_STRICT_OBJC_MSGSEND = YES;
				GCC_C_LANGUAGE_STANDARD = gnu11;
				GCC_NO_COMMON_BLOCKS = YES;
				GCC_WARN_64_TO_32_BIT_CONVERSION = YES;
				GCC_WARN_ABOUT_RETURN_TYPE = YES_ERROR;
				GCC_WARN_UNDECLARED_SELECTOR = YES;
				GCC_WARN_UNINITIALIZED_AUTOS = YES_AGGRESSIVE;
				GCC_WARN_UNUSED_FUNCTION = YES;
				GCC_WARN_UNUSED_VARIABLE = YES;
				IPHONEOS_DEPLOYMENT_TARGET = 12.2;
				MTL_ENABLE_DEBUG_INFO = NO;
				MTL_FAST_MATH = YES;
				SDKROOT = iphoneos;
				SWIFT_COMPILATION_MODE = wholemodule;
				SWIFT_OPTIMIZATION_LEVEL = "-O";
				VALIDATE_PRODUCT = YES;
			};
			name = Release;
		};
		ABF7DA5B2296CE2A00DFC975 /* Debug */ = {
			isa = XCBuildConfiguration;
			baseConfigurationReference = 9D3360D58D81A5D170D37D42 /* Pods-ClockClock.debug.xcconfig */;
			buildSettings = {
				ASSETCATALOG_COMPILER_APPICON_NAME = AppIcon;
				CODE_SIGN_STYLE = Automatic;
				DEVELOPMENT_TEAM = 4MUC8K263B;
				INFOPLIST_FILE = ClockClock/Info.plist;
				LD_RUNPATH_SEARCH_PATHS = (
					"$(inherited)",
					"@executable_path/Frameworks",
				);
				PRODUCT_BUNDLE_IDENTIFIER = com.squarepi.ClockClock;
				PRODUCT_NAME = "$(TARGET_NAME)";
				SWIFT_VERSION = 5.0;
				TARGETED_DEVICE_FAMILY = "1,2";
			};
			name = Debug;
		};
		ABF7DA5C2296CE2A00DFC975 /* Release */ = {
			isa = XCBuildConfiguration;
			baseConfigurationReference = 34AB76834D5ED7F30A30A38E /* Pods-ClockClock.release.xcconfig */;
			buildSettings = {
				ASSETCATALOG_COMPILER_APPICON_NAME = AppIcon;
				CODE_SIGN_STYLE = Automatic;
				DEVELOPMENT_TEAM = 4MUC8K263B;
				INFOPLIST_FILE = ClockClock/Info.plist;
				LD_RUNPATH_SEARCH_PATHS = (
					"$(inherited)",
					"@executable_path/Frameworks",
				);
				PRODUCT_BUNDLE_IDENTIFIER = com.squarepi.ClockClock;
				PRODUCT_NAME = "$(TARGET_NAME)";
				SWIFT_VERSION = 5.0;
				TARGETED_DEVICE_FAMILY = "1,2";
			};
			name = Release;
		};
/* End XCBuildConfiguration section */

/* Begin XCConfigurationList section */
		ABF7DA432296CE2800DFC975 /* Build configuration list for PBXProject "ClockClock" */ = {
			isa = XCConfigurationList;
			buildConfigurations = (
				ABF7DA582296CE2A00DFC975 /* Debug */,
				ABF7DA592296CE2A00DFC975 /* Release */,
			);
			defaultConfigurationIsVisible = 0;
			defaultConfigurationName = Release;
		};
		ABF7DA5A2296CE2A00DFC975 /* Build configuration list for PBXNativeTarget "ClockClock" */ = {
			isa = XCConfigurationList;
			buildConfigurations = (
				ABF7DA5B2296CE2A00DFC975 /* Debug */,
				ABF7DA5C2296CE2A00DFC975 /* Release */,
			);
			defaultConfigurationIsVisible = 0;
			defaultConfigurationName = Release;
		};
/* End XCConfigurationList section */
	};
	rootObject = ABF7DA402296CE2800DFC975 /* Project object */;
}
