PODS:
  - IGColorPicker (0.4.2):
    - M13Checkbox (~> 3.2.0)
  - M13Checkbox (3.2.2)

DEPENDENCIES:
  - IGColorPicker

SPEC REPOS:
  https://github.com/cocoapods/specs.git:
    - IGColorPicker
    - M13Checkbox

SPEC CHECKSUMS:
  IGColorPicker: c6d43aa386a9fdc8f958f3bd4e5ab85905242c8a
  M13Checkbox: a8c2491cfbbca10797925fd0b9154a782bf40d89

PODFILE CHECKSUM: c6185c9bf9ea03d68c5d90c9bdae7386c628c72d

COCOAPODS: 1.7.0
