PODS:
  - IGColorPicker (0.4.3):
    - M13Checkbox
  - M13Checkbox (3.4.0)

DEPENDENCIES:
  - IGColorPicker

SPEC REPOS:
  trunk:
    - IGColorPicker
    - M13Checkbox

SPEC CHECKSUMS:
  IGColorPicker: f6034f8629aa90cce308a76ecc0fdf2afed0bf34
  M13Checkbox: 6f59404540ac98ba83a3d1afac335895a40c6a5d

PODFILE CHECKSUM: c6185c9bf9ea03d68c5d90c9bdae7386c628c72d

COCOAPODS: 1.8.4
